
Microsoft Visual Studio Solution File, Format Version 12.00
# Visual Studio Version 17
VisualStudioVersion = 17.0.31903.59
MinimumVisualStudioVersion = 10.0.40219.1
Project("{FAE04EC0-301F-11D3-BF4B-00C04F79EFBC}") = "GTMH.S11n.GUI", "GTMH.S11n.GUI\GTMH.S11n.GUI.csproj", "{1FCB7A14-306C-483B-8A32-C9D8ECAF7F8A}"
EndProject
Project("{FAE04EC0-301F-11D3-BF4B-00C04F79EFBC}") = "GTMH.S11n.Reflection", "..\GTMH.S11n.Reflection\GTMH.S11n.Reflection.csproj", "{B3A3E2C8-0421-4375-83FC-A123CC063002}"
EndProject
Project("{FAE04EC0-301F-11D3-BF4B-00C04F79EFBC}") = "GTMH.S11n", "..\GTMH.S11n\GTMH.S11n.csproj", "{ABF8CF29-7755-41CE-825E-A8E45F2FC4AB}"
EndProject
Project("{FAE04EC0-301F-11D3-BF4B-00C04F79EFBC}") = "GTMH.S11n.GUI.Toy", "GTMH.S11n.GUI\GTMH.S11n.GUI.Toy\GTMH.S11n.GUI.Toy.csproj", "{8ED506CD-B287-44FF-8A08-26A9D2027116}"
EndProject
Project("{FAE04EC0-301F-11D3-BF4B-00C04F79EFBC}") = "GTMH.S11n.TypeResolution", "..\GTMH.S11n.TypeResolution\GTMH.S11n.TypeResolution.csproj", "{6B3FF2DD-A654-40AE-8F6F-69B7CC7C837B}"
EndProject
Global
	GlobalSection(SolutionConfigurationPlatforms) = preSolution
		Debug|Any CPU = Debug|Any CPU
		Debug|x64 = Debug|x64
		Debug|x86 = Debug|x86
		Release|Any CPU = Release|Any CPU
		Release|x64 = Release|x64
		Release|x86 = Release|x86
	EndGlobalSection
	GlobalSection(ProjectConfigurationPlatforms) = postSolution
		{1FCB7A14-306C-483B-8A32-C9D8ECAF7F8A}.Debug|Any CPU.ActiveCfg = Debug|Any CPU
		{1FCB7A14-306C-483B-8A32-C9D8ECAF7F8A}.Debug|Any CPU.Build.0 = Debug|Any CPU
		{1FCB7A14-306C-483B-8A32-C9D8ECAF7F8A}.Debug|x64.ActiveCfg = Debug|Any CPU
		{1FCB7A14-306C-483B-8A32-C9D8ECAF7F8A}.Debug|x64.Build.0 = Debug|Any CPU
		{1FCB7A14-306C-483B-8A32-C9D8ECAF7F8A}.Debug|x86.ActiveCfg = Debug|Any CPU
		{1FCB7A14-306C-483B-8A32-C9D8ECAF7F8A}.Debug|x86.Build.0 = Debug|Any CPU
		{1FCB7A14-306C-483B-8A32-C9D8ECAF7F8A}.Release|Any CPU.ActiveCfg = Release|Any CPU
		{1FCB7A14-306C-483B-8A32-C9D8ECAF7F8A}.Release|Any CPU.Build.0 = Release|Any CPU
		{1FCB7A14-306C-483B-8A32-C9D8ECAF7F8A}.Release|x64.ActiveCfg = Release|Any CPU
		{1FCB7A14-306C-483B-8A32-C9D8ECAF7F8A}.Release|x64.Build.0 = Release|Any CPU
		{1FCB7A14-306C-483B-8A32-C9D8ECAF7F8A}.Release|x86.ActiveCfg = Release|Any CPU
		{1FCB7A14-306C-483B-8A32-C9D8ECAF7F8A}.Release|x86.Build.0 = Release|Any CPU
		{B3A3E2C8-0421-4375-83FC-A123CC063002}.Debug|Any CPU.ActiveCfg = Debug|Any CPU
		{B3A3E2C8-0421-4375-83FC-A123CC063002}.Debug|Any CPU.Build.0 = Debug|Any CPU
		{B3A3E2C8-0421-4375-83FC-A123CC063002}.Debug|x64.ActiveCfg = Debug|Any CPU
		{B3A3E2C8-0421-4375-83FC-A123CC063002}.Debug|x64.Build.0 = Debug|Any CPU
		{B3A3E2C8-0421-4375-83FC-A123CC063002}.Debug|x86.ActiveCfg = Debug|Any CPU
		{B3A3E2C8-0421-4375-83FC-A123CC063002}.Debug|x86.Build.0 = Debug|Any CPU
		{B3A3E2C8-0421-4375-83FC-A123CC063002}.Release|Any CPU.ActiveCfg = Release|Any CPU
		{B3A3E2C8-0421-4375-83FC-A123CC063002}.Release|Any CPU.Build.0 = Release|Any CPU
		{B3A3E2C8-0421-4375-83FC-A123CC063002}.Release|x64.ActiveCfg = Release|Any CPU
		{B3A3E2C8-0421-4375-83FC-A123CC063002}.Release|x64.Build.0 = Release|Any CPU
		{B3A3E2C8-0421-4375-83FC-A123CC063002}.Release|x86.ActiveCfg = Release|Any CPU
		{B3A3E2C8-0421-4375-83FC-A123CC063002}.Release|x86.Build.0 = Release|Any CPU
		{ABF8CF29-7755-41CE-825E-A8E45F2FC4AB}.Debug|Any CPU.ActiveCfg = Debug|Any CPU
		{ABF8CF29-7755-41CE-825E-A8E45F2FC4AB}.Debug|Any CPU.Build.0 = Debug|Any CPU
		{ABF8CF29-7755-41CE-825E-A8E45F2FC4AB}.Debug|x64.ActiveCfg = Debug|Any CPU
		{ABF8CF29-7755-41CE-825E-A8E45F2FC4AB}.Debug|x64.Build.0 = Debug|Any CPU
		{ABF8CF29-7755-41CE-825E-A8E45F2FC4AB}.Debug|x86.ActiveCfg = Debug|Any CPU
		{ABF8CF29-7755-41CE-825E-A8E45F2FC4AB}.Debug|x86.Build.0 = Debug|Any CPU
		{ABF8CF29-7755-41CE-825E-A8E45F2FC4AB}.Release|Any CPU.ActiveCfg = Release|Any CPU
		{ABF8CF29-7755-41CE-825E-A8E45F2FC4AB}.Release|Any CPU.Build.0 = Release|Any CPU
		{ABF8CF29-7755-41CE-825E-A8E45F2FC4AB}.Release|x64.ActiveCfg = Release|Any CPU
		{ABF8CF29-7755-41CE-825E-A8E45F2FC4AB}.Release|x64.Build.0 = Release|Any CPU
		{ABF8CF29-7755-41CE-825E-A8E45F2FC4AB}.Release|x86.ActiveCfg = Release|Any CPU
		{ABF8CF29-7755-41CE-825E-A8E45F2FC4AB}.Release|x86.Build.0 = Release|Any CPU
		{8ED506CD-B287-44FF-8A08-26A9D2027116}.Debug|Any CPU.ActiveCfg = Debug|Any CPU
		{8ED506CD-B287-44FF-8A08-26A9D2027116}.Debug|Any CPU.Build.0 = Debug|Any CPU
		{8ED506CD-B287-44FF-8A08-26A9D2027116}.Debug|x64.ActiveCfg = Debug|Any CPU
		{8ED506CD-B287-44FF-8A08-26A9D2027116}.Debug|x64.Build.0 = Debug|Any CPU
		{8ED506CD-B287-44FF-8A08-26A9D2027116}.Debug|x86.ActiveCfg = Debug|Any CPU
		{8ED506CD-B287-44FF-8A08-26A9D2027116}.Debug|x86.Build.0 = Debug|Any CPU
		{8ED506CD-B287-44FF-8A08-26A9D2027116}.Release|Any CPU.ActiveCfg = Release|Any CPU
		{8ED506CD-B287-44FF-8A08-26A9D2027116}.Release|Any CPU.Build.0 = Release|Any CPU
		{8ED506CD-B287-44FF-8A08-26A9D2027116}.Release|x64.ActiveCfg = Release|Any CPU
		{8ED506CD-B287-44FF-8A08-26A9D2027116}.Release|x64.Build.0 = Release|Any CPU
		{8ED506CD-B287-44FF-8A08-26A9D2027116}.Release|x86.ActiveCfg = Release|Any CPU
		{8ED506CD-B287-44FF-8A08-26A9D2027116}.Release|x86.Build.0 = Release|Any CPU
		{6B3FF2DD-A654-40AE-8F6F-69B7CC7C837B}.Debug|Any CPU.ActiveCfg = Debug|Any CPU
		{6B3FF2DD-A654-40AE-8F6F-69B7CC7C837B}.Debug|Any CPU.Build.0 = Debug|Any CPU
		{6B3FF2DD-A654-40AE-8F6F-69B7CC7C837B}.Debug|x64.ActiveCfg = Debug|Any CPU
		{6B3FF2DD-A654-40AE-8F6F-69B7CC7C837B}.Debug|x64.Build.0 = Debug|Any CPU
		{6B3FF2DD-A654-40AE-8F6F-69B7CC7C837B}.Debug|x86.ActiveCfg = Debug|Any CPU
		{6B3FF2DD-A654-40AE-8F6F-69B7CC7C837B}.Debug|x86.Build.0 = Debug|Any CPU
		{6B3FF2DD-A654-40AE-8F6F-69B7CC7C837B}.Release|Any CPU.ActiveCfg = Release|Any CPU
		{6B3FF2DD-A654-40AE-8F6F-69B7CC7C837B}.Release|Any CPU.Build.0 = Release|Any CPU
		{6B3FF2DD-A654-40AE-8F6F-69B7CC7C837B}.Release|x64.ActiveCfg = Release|Any CPU
		{6B3FF2DD-A654-40AE-8F6F-69B7CC7C837B}.Release|x64.Build.0 = Release|Any CPU
		{6B3FF2DD-A654-40AE-8F6F-69B7CC7C837B}.Release|x86.ActiveCfg = Release|Any CPU
		{6B3FF2DD-A654-40AE-8F6F-69B7CC7C837B}.Release|x86.Build.0 = Release|Any CPU
	EndGlobalSection
	GlobalSection(SolutionProperties) = preSolution
		HideSolutionNode = FALSE
	EndGlobalSection
EndGlobal
