
Microsoft Visual Studio Solution File, Format Version 12.00
# Visual Studio Version 17
VisualStudioVersion = 17.0.31903.59
MinimumVisualStudioVersion = 10.0.40219.1
Project("{FAE04EC0-301F-11D3-BF4B-00C04F79EFBC}") = "HelloWorld", "HelloWorld\HelloWorld.csproj", "{71EF29CD-1595-4362-96D4-3E99A1982388}"
EndProject
Project("{FAE04EC0-301F-11D3-BF4B-00C04F79EFBC}") = "GTMH.S11n", "..\GTMH.S11n\GTMH.S11n.csproj", "{D241B403-A4F6-48FD-9D52-1BBEF506DC20}"
EndProject
Project("{FAE04EC0-301F-11D3-BF4B-00C04F79EFBC}") = "HelloWorldStateful", "HelloWorldStateful\HelloWorldStateful.csproj", "{04A6365D-4439-45A4-AAB1-279B34A71BDB}"
EndProject
Project("{FAE04EC0-301F-11D3-BF4B-00C04F79EFBC}") = "HelloWorldStatefulExtended", "HelloWorldStatefulExtended\HelloWorldStatefulExtended.csproj", "{AB0C3C4C-C57C-4EEE-9449-20639B3D6231}"
EndProject
Global
	GlobalSection(SolutionConfigurationPlatforms) = preSolution
		Debug|Any CPU = Debug|Any CPU
		Debug|x64 = Debug|x64
		Debug|x86 = Debug|x86
		Release|Any CPU = Release|Any CPU
		Release|x64 = Release|x64
		Release|x86 = Release|x86
	EndGlobalSection
	GlobalSection(ProjectConfigurationPlatforms) = postSolution
		{71EF29CD-1595-4362-96D4-3E99A1982388}.Debug|Any CPU.ActiveCfg = Debug|Any CPU
		{71EF29CD-1595-4362-96D4-3E99A1982388}.Debug|Any CPU.Build.0 = Debug|Any CPU
		{71EF29CD-1595-4362-96D4-3E99A1982388}.Debug|x64.ActiveCfg = Debug|Any CPU
		{71EF29CD-1595-4362-96D4-3E99A1982388}.Debug|x64.Build.0 = Debug|Any CPU
		{71EF29CD-1595-4362-96D4-3E99A1982388}.Debug|x86.ActiveCfg = Debug|Any CPU
		{71EF29CD-1595-4362-96D4-3E99A1982388}.Debug|x86.Build.0 = Debug|Any CPU
		{71EF29CD-1595-4362-96D4-3E99A1982388}.Release|Any CPU.ActiveCfg = Release|Any CPU
		{71EF29CD-1595-4362-96D4-3E99A1982388}.Release|Any CPU.Build.0 = Release|Any CPU
		{71EF29CD-1595-4362-96D4-3E99A1982388}.Release|x64.ActiveCfg = Release|Any CPU
		{71EF29CD-1595-4362-96D4-3E99A1982388}.Release|x64.Build.0 = Release|Any CPU
		{71EF29CD-1595-4362-96D4-3E99A1982388}.Release|x86.ActiveCfg = Release|Any CPU
		{71EF29CD-1595-4362-96D4-3E99A1982388}.Release|x86.Build.0 = Release|Any CPU
		{D241B403-A4F6-48FD-9D52-1BBEF506DC20}.Debug|Any CPU.ActiveCfg = Debug|Any CPU
		{D241B403-A4F6-48FD-9D52-1BBEF506DC20}.Debug|Any CPU.Build.0 = Debug|Any CPU
		{D241B403-A4F6-48FD-9D52-1BBEF506DC20}.Debug|x64.ActiveCfg = Debug|Any CPU
		{D241B403-A4F6-48FD-9D52-1BBEF506DC20}.Debug|x64.Build.0 = Debug|Any CPU
		{D241B403-A4F6-48FD-9D52-1BBEF506DC20}.Debug|x86.ActiveCfg = Debug|Any CPU
		{D241B403-A4F6-48FD-9D52-1BBEF506DC20}.Debug|x86.Build.0 = Debug|Any CPU
		{D241B403-A4F6-48FD-9D52-1BBEF506DC20}.Release|Any CPU.ActiveCfg = Release|Any CPU
		{D241B403-A4F6-48FD-9D52-1BBEF506DC20}.Release|Any CPU.Build.0 = Release|Any CPU
		{D241B403-A4F6-48FD-9D52-1BBEF506DC20}.Release|x64.ActiveCfg = Release|Any CPU
		{D241B403-A4F6-48FD-9D52-1BBEF506DC20}.Release|x64.Build.0 = Release|Any CPU
		{D241B403-A4F6-48FD-9D52-1BBEF506DC20}.Release|x86.ActiveCfg = Release|Any CPU
		{D241B403-A4F6-48FD-9D52-1BBEF506DC20}.Release|x86.Build.0 = Release|Any CPU
		{04A6365D-4439-45A4-AAB1-279B34A71BDB}.Debug|Any CPU.ActiveCfg = Debug|Any CPU
		{04A6365D-4439-45A4-AAB1-279B34A71BDB}.Debug|Any CPU.Build.0 = Debug|Any CPU
		{04A6365D-4439-45A4-AAB1-279B34A71BDB}.Debug|x64.ActiveCfg = Debug|Any CPU
		{04A6365D-4439-45A4-AAB1-279B34A71BDB}.Debug|x64.Build.0 = Debug|Any CPU
		{04A6365D-4439-45A4-AAB1-279B34A71BDB}.Debug|x86.ActiveCfg = Debug|Any CPU
		{04A6365D-4439-45A4-AAB1-279B34A71BDB}.Debug|x86.Build.0 = Debug|Any CPU
		{04A6365D-4439-45A4-AAB1-279B34A71BDB}.Release|Any CPU.ActiveCfg = Release|Any CPU
		{04A6365D-4439-45A4-AAB1-279B34A71BDB}.Release|Any CPU.Build.0 = Release|Any CPU
		{04A6365D-4439-45A4-AAB1-279B34A71BDB}.Release|x64.ActiveCfg = Release|Any CPU
		{04A6365D-4439-45A4-AAB1-279B34A71BDB}.Release|x64.Build.0 = Release|Any CPU
		{04A6365D-4439-45A4-AAB1-279B34A71BDB}.Release|x86.ActiveCfg = Release|Any CPU
		{04A6365D-4439-45A4-AAB1-279B34A71BDB}.Release|x86.Build.0 = Release|Any CPU
		{AB0C3C4C-C57C-4EEE-9449-20639B3D6231}.Debug|Any CPU.ActiveCfg = Debug|Any CPU
		{AB0C3C4C-C57C-4EEE-9449-20639B3D6231}.Debug|Any CPU.Build.0 = Debug|Any CPU
		{AB0C3C4C-C57C-4EEE-9449-20639B3D6231}.Debug|x64.ActiveCfg = Debug|Any CPU
		{AB0C3C4C-C57C-4EEE-9449-20639B3D6231}.Debug|x64.Build.0 = Debug|Any CPU
		{AB0C3C4C-C57C-4EEE-9449-20639B3D6231}.Debug|x86.ActiveCfg = Debug|Any CPU
		{AB0C3C4C-C57C-4EEE-9449-20639B3D6231}.Debug|x86.Build.0 = Debug|Any CPU
		{AB0C3C4C-C57C-4EEE-9449-20639B3D6231}.Release|Any CPU.ActiveCfg = Release|Any CPU
		{AB0C3C4C-C57C-4EEE-9449-20639B3D6231}.Release|Any CPU.Build.0 = Release|Any CPU
		{AB0C3C4C-C57C-4EEE-9449-20639B3D6231}.Release|x64.ActiveCfg = Release|Any CPU
		{AB0C3C4C-C57C-4EEE-9449-20639B3D6231}.Release|x64.Build.0 = Release|Any CPU
		{AB0C3C4C-C57C-4EEE-9449-20639B3D6231}.Release|x86.ActiveCfg = Release|Any CPU
		{AB0C3C4C-C57C-4EEE-9449-20639B3D6231}.Release|x86.Build.0 = Release|Any CPU
	EndGlobalSection
	GlobalSection(SolutionProperties) = preSolution
		HideSolutionNode = FALSE
	EndGlobalSection
EndGlobal
